
Microsoft Visual Studio Solution File, Format Version 12.00
# Visual Studio Version 17
VisualStudioVersion = 17.1.32210.238
MinimumVisualStudioVersion = 10.0.40219.1
Project("{9A19103F-16F7-4668-BE54-9A1E7A4F7556}") = "minimal-webapi.Test", "minimal-webapi.Test\minimal-webapi.Test.csproj", "{14C661A2-E85B-41E3-8E10-70F602593EC1}"
EndProject
Project("{9A19103F-16F7-4668-BE54-9A1E7A4F7556}") = "minimal-webapi", "minimal-webapi\minimal-webapi.csproj", "{0FE675A6-A494-4C9A-B1F1-D09BC454751D}"
EndProject
Global
	GlobalSection(SolutionConfigurationPlatforms) = preSolution
		Debug|Any CPU = Debug|Any CPU
		Release|Any CPU = Release|Any CPU
	EndGlobalSection
	GlobalSection(ProjectConfigurationPlatforms) = postSolution
		{14C661A2-E85B-41E3-8E10-70F602593EC1}.Debug|Any CPU.ActiveCfg = Debug|Any CPU
		{14C661A2-E85B-41E3-8E10-70F602593EC1}.Debug|Any CPU.Build.0 = Debug|Any CPU
		{14C661A2-E85B-41E3-8E10-70F602593EC1}.Release|Any CPU.ActiveCfg = Release|Any CPU
		{14C661A2-E85B-41E3-8E10-70F602593EC1}.Release|Any CPU.Build.0 = Release|Any CPU
		{0FE675A6-A494-4C9A-B1F1-D09BC454751D}.Debug|Any CPU.ActiveCfg = Debug|Any CPU
		{0FE675A6-A494-4C9A-B1F1-D09BC454751D}.Debug|Any CPU.Build.0 = Debug|Any CPU
		{0FE675A6-A494-4C9A-B1F1-D09BC454751D}.Release|Any CPU.ActiveCfg = Release|Any CPU
		{0FE675A6-A494-4C9A-B1F1-D09BC454751D}.Release|Any CPU.Build.0 = Release|Any CPU
	EndGlobalSection
	GlobalSection(SolutionProperties) = preSolution
		HideSolutionNode = FALSE
	EndGlobalSection
	GlobalSection(ExtensibilityGlobals) = postSolution
		SolutionGuid = {14E5AD83-89A0-40E8-94D6-B0097A678ED6}
	EndGlobalSection
EndGlobal
